# This file was autogenerated by Stack.
# You should not edit this file by hand.
# For more information, please see the documentation at:
#   https://docs.haskellstack.org/en/stable/lock_files

packages: []
snapshots:
- completed:
    size: 558755
    url: https://raw.githubusercontent.com/commercialhaskell/stackage-snapshots/master/nightly/2022/12/16.yaml
    sha256: d7103edd494f672d64fd6be06e2938d972c413438a4b0c03cf22123cec8c14c8
  original: nightly-2022-12-16
